// !$*UTF8*$!
{
	archiveVersion = 1;
	classes = {
	};
	objectVersion = 46;
	objects = {

/* Begin PBXBuildFile section */
		4BDED7221C8DA6E500F6CB9C /* AppDelegate.swift in Sources */ = {isa = PBXBuildFile; fileRef = 4BDED71A1C8DA6E500F6CB9C /* AppDelegate.swift */; };
		4BDED7231C8DA6E500F6CB9C /* Assets.xcassets in Resources */ = {isa = PBXBuildFile; fileRef = 4BDED71B1C8DA6E500F6CB9C /* Assets.xcassets */; };
		4BDED7241C8DA6E500F6CB9C /* LaunchScreen.storyboard in Resources */ = {isa = PBXBuildFile; fileRef = 4BDED71C1C8DA6E500F6CB9C /* LaunchScreen.storyboard */; };
		4BDED7251C8DA6E500F6CB9C /* Main.storyboard in Resources */ = {isa = PBXBuildFile; fileRef = 4BDED71E1C8DA6E500F6CB9C /* Main.storyboard */; };
		4BDED7261C8DA6E500F6CB9C /* Info.plist in Resources */ = {isa = PBXBuildFile; fileRef = 4BDED7201C8DA6E500F6CB9C /* Info.plist */; };
		4BDED7271C8DA6E500F6CB9C /* ViewController.swift in Sources */ = {isa = PBXBuildFile; fileRef = 4BDED7211C8DA6E500F6CB9C /* ViewController.swift */; };
		4BDED7291C8DA70A00F6CB9C /* NPProgressLabel.swift in Sources */ = {isa = PBXBuildFile; fileRef = 4BDED7281C8DA70A00F6CB9C /* NPProgressLabel.swift */; };
		4BDED72B1C8DA8FA00F6CB9C /* UIImage+Gradient.swift in Sources */ = {isa = PBXBuildFile; fileRef = 4BDED72A1C8DA8FA00F6CB9C /* UIImage+Gradient.swift */; };
/* End PBXBuildFile section */

/* Begin PBXFileReference section */
		4BDED7031C8DA5AE00F6CB9C /* NPProgressLabelExample.app */ = {isa = PBXFileReference; explicitFileType = wrapper.application; includeInIndex = 0; path = NPProgressLabelExample.app; sourceTree = BUILT_PRODUCTS_DIR; };
		4BDED71A1C8DA6E500F6CB9C /* AppDelegate.swift */ = {isa = PBXFileReference; fileEncoding = 4; lastKnownFileType = sourcecode.swift; path = AppDelegate.swift; sourceTree = "<group>"; };
		4BDED71B1C8DA6E500F6CB9C /* Assets.xcassets */ = {isa = PBXFileReference; lastKnownFileType = folder.assetcatalog; path = Assets.xcassets; sourceTree = "<group>"; };
		4BDED71D1C8DA6E500F6CB9C /* Base */ = {isa = PBXFileReference; lastKnownFileType = file.storyboard; name = Base; path = Base.lproj/LaunchScreen.storyboard; sourceTree = "<group>"; };
		4BDED71F1C8DA6E500F6CB9C /* Base */ = {isa = PBXFileReference; lastKnownFileType = file.storyboard; name = Base; path = Base.lproj/Main.storyboard; sourceTree = "<group>"; };
		4BDED7201C8DA6E500F6CB9C /* Info.plist */ = {isa = PBXFileReference; fileEncoding = 4; lastKnownFileType = text.plist.xml; path = Info.plist; sourceTree = "<group>"; };
		4BDED7211C8DA6E500F6CB9C /* ViewController.swift */ = {isa = PBXFileReference; fileEncoding = 4; lastKnownFileType = sourcecode.swift; path = ViewController.swift; sourceTree = "<group>"; };
		4BDED7281C8DA70A00F6CB9C /* NPProgressLabel.swift */ = {isa = PBXFileReference; fileEncoding = 4; lastKnownFileType = sourcecode.swift; path = NPProgressLabel.swift; sourceTree = "<group>"; };
		4BDED72A1C8DA8FA00F6CB9C /* UIImage+Gradient.swift */ = {isa = PBXFileReference; fileEncoding = 4; lastKnownFileType = sourcecode.swift; path = "UIImage+Gradient.swift"; sourceTree = "<group>"; };
/* End PBXFileReference section */

/* Begin PBXFrameworksBuildPhase section */
		4BDED7001C8DA5AE00F6CB9C /* Frameworks */ = {
			isa = PBXFrameworksBuildPhase;
			buildActionMask = 2147483647;
			files = (
			);
			runOnlyForDeploymentPostprocessing = 0;
		};
/* End PBXFrameworksBuildPhase section */

/* Begin PBXGroup section */
		4BDED6FA1C8DA5AE00F6CB9C = {
			isa = PBXGroup;
			children = (
				4BDED7181C8DA6E500F6CB9C /* NPProgressLabel */,
				4BDED7191C8DA6E500F6CB9C /* NPProgressLabelExample */,
				4BDED7041C8DA5AE00F6CB9C /* Products */,
			);
			sourceTree = "<group>";
		};
		4BDED7041C8DA5AE00F6CB9C /* Products */ = {
			isa = PBXGroup;
			children = (
				4BDED7031C8DA5AE00F6CB9C /* NPProgressLabelExample.app */,
			);
			name = Products;
			sourceTree = "<group>";
		};
		4BDED7181C8DA6E500F6CB9C /* NPProgressLabel */ = {
			isa = PBXGroup;
			children = (
				4BDED7281C8DA70A00F6CB9C /* NPProgressLabel.swift */,
			);
			path = NPProgressLabel;
			sourceTree = "<group>";
		};
		4BDED7191C8DA6E500F6CB9C /* NPProgressLabelExample */ = {
			isa = PBXGroup;
			children = (
				4BDED71A1C8DA6E500F6CB9C /* AppDelegate.swift */,
				4BDED7211C8DA6E500F6CB9C /* ViewController.swift */,
				4BDED72A1C8DA8FA00F6CB9C /* UIImage+Gradient.swift */,
				4BDED71B1C8DA6E500F6CB9C /* Assets.xcassets */,
				4BDED71C1C8DA6E500F6CB9C /* LaunchScreen.storyboard */,
				4BDED71E1C8DA6E500F6CB9C /* Main.storyboard */,
				4BDED7201C8DA6E500F6CB9C /* Info.plist */,
			);
			path = NPProgressLabelExample;
			sourceTree = "<group>";
		};
/* End PBXGroup section */

/* Begin PBXNativeTarget section */
		4BDED7021C8DA5AE00F6CB9C /* NPProgressLabelExample */ = {
			isa = PBXNativeTarget;
			buildConfigurationList = 4BDED7151C8DA5AE00F6CB9C /* Build configuration list for PBXNativeTarget "NPProgressLabelExample" */;
			buildPhases = (
				4BDED6FF1C8DA5AE00F6CB9C /* Sources */,
				4BDED7001C8DA5AE00F6CB9C /* Frameworks */,
				4BDED7011C8DA5AE00F6CB9C /* Resources */,
			);
			buildRules = (
			);
			dependencies = (
			);
			name = NPProgressLabelExample;
			productName = NPProgressLabel;
			productReference = 4BDED7031C8DA5AE00F6CB9C /* NPProgressLabelExample.app */;
			productType = "com.apple.product-type.application";
		};
/* End PBXNativeTarget section */

/* Begin PBXProject section */
		4BDED6FB1C8DA5AE00F6CB9C /* Project object */ = {
			isa = PBXProject;
			attributes = {
				LastSwiftUpdateCheck = 0720;
				LastUpgradeCheck = 0720;
				ORGANIZATIONNAME = "Nestor Popko";
				TargetAttributes = {
					4BDED7021C8DA5AE00F6CB9C = {
						CreatedOnToolsVersion = 7.2.1;
					};
				};
			};
			buildConfigurationList = 4BDED6FE1C8DA5AE00F6CB9C /* Build configuration list for PBXProject "NPProgressLabelExample" */;
			compatibilityVersion = "Xcode 3.2";
			developmentRegion = English;
			hasScannedForEncodings = 0;
			knownRegions = (
				en,
				Base,
			);
			mainGroup = 4BDED6FA1C8DA5AE00F6CB9C;
			productRefGroup = 4BDED7041C8DA5AE00F6CB9C /* Products */;
			projectDirPath = "";
			projectRoot = "";
			targets = (
				4BDED7021C8DA5AE00F6CB9C /* NPProgressLabelExample */,
			);
		};
/* End PBXProject section */

/* Begin PBXResourcesBuildPhase section */
		4BDED7011C8DA5AE00F6CB9C /* Resources */ = {
			isa = PBXResourcesBuildPhase;
			buildActionMask = 2147483647;
			files = (
				4BDED7261C8DA6E500F6CB9C /* Info.plist in Resources */,
				4BDED7251C8DA6E500F6CB9C /* Main.storyboard in Resources */,
				4BDED7231C8DA6E500F6CB9C /* Assets.xcassets in Resources */,
				4BDED7241C8DA6E500F6CB9C /* LaunchScreen.storyboard in Resources */,
			);
			runOnlyForDeploymentPostprocessing = 0;
		};
/* End PBXResourcesBuildPhase section */

/* Begin PBXSourcesBuildPhase section */
		4BDED6FF1C8DA5AE00F6CB9C /* Sources */ = {
			isa = PBXSourcesBuildPhase;
			buildActionMask = 2147483647;
			files = (
				4BDED7271C8DA6E500F6CB9C /* ViewController.swift in Sources */,
				4BDED7291C8DA70A00F6CB9C /* NPProgressLabel.swift in Sources */,
				4BDED7221C8DA6E500F6CB9C /* AppDelegate.swift in Sources */,
				4BDED72B1C8DA8FA00F6CB9C /* UIImage+Gradient.swift in Sources */,
			);
			runOnlyForDeploymentPostprocessing = 0;
		};
/* End PBXSourcesBuildPhase section */

/* Begin PBXVariantGroup section */
		4BDED71C1C8DA6E500F6CB9C /* LaunchScreen.storyboard */ = {
			isa = PBXVariantGroup;
			children = (
				4BDED71D1C8DA6E500F6CB9C /* Base */,
			);
			name = LaunchScreen.storyboard;
			sourceTree = "<group>";
		};
		4BDED71E1C8DA6E500F6CB9C /* Main.storyboard */ = {
			isa = PBXVariantGroup;
			children = (
				4BDED71F1C8DA6E500F6CB9C /* Base */,
			);
			name = Main.storyboard;
			sourceTree = "<group>";
		};
/* End PBXVariantGroup section */

/* Begin XCBuildConfiguration section */
		4BDED7131C8DA5AE00F6CB9C /* Debug */ = {
			isa = XCBuildConfiguration;
			buildSettings = {
				ALWAYS_SEARCH_USER_PATHS = NO;
				CLANG_CXX_LANGUAGE_STANDARD = "gnu++0x";
				CLANG_CXX_LIBRARY = "libc++";
				CLANG_ENABLE_MODULES = YES;
				CLANG_ENABLE_OBJC_ARC = YES;
				CLANG_WARN_BOOL_CONVERSION = YES;
				CLANG_WARN_CONSTANT_CONVERSION = YES;
				CLANG_WARN_DIRECT_OBJC_ISA_USAGE = YES_ERROR;
				CLANG_WARN_EMPTY_BODY = YES;
				CLANG_WARN_ENUM_CONVERSION = YES;
				CLANG_WARN_INT_CONVERSION = YES;
				CLANG_WARN_OBJC_ROOT_CLASS = YES_ERROR;
				CLANG_WARN_UNREACHABLE_CODE = YES;
				CLANG_WARN__DUPLICATE_METHOD_MATCH = YES;
				"CODE_SIGN_IDENTITY[sdk=iphoneos*]" = "iPhone Developer";
				COPY_PHASE_STRIP = NO;
				DEBUG_INFORMATION_FORMAT = dwarf;
				ENABLE_STRICT_OBJC_MSGSEND = YES;
				ENABLE_TESTABILITY = YES;
				GCC_C_LANGUAGE_STANDARD = gnu99;
				GCC_DYNAMIC_NO_PIC = NO;
				GCC_NO_COMMON_BLOCKS = YES;
				GCC_OPTIMIZATION_LEVEL = 0;
				GCC_PREPROCESSOR_DEFINITIONS = (
					"DEBUG=1",
					"$(inherited)",
				);
				GCC_WARN_64_TO_32_BIT_CONVERSION = YES;
				GCC_WARN_ABOUT_RETURN_TYPE = YES_ERROR;
				GCC_WARN_UNDECLARED_SELECTOR = YES;
				GCC_WARN_UNINITIALIZED_AUTOS = YES_AGGRESSIVE;
				GCC_WARN_UNUSED_FUNCTION = YES;
				GCC_WARN_UNUSED_VARIABLE = YES;
				IPHONEOS_DEPLOYMENT_TARGET = 9.2;
				MTL_ENABLE_DEBUG_INFO = YES;
				ONLY_ACTIVE_ARCH = YES;
				SDKROOT = iphoneos;
				SWIFT_OPTIMIZATION_LEVEL = "-Onone";
				TARGETED_DEVICE_FAMILY = "1,2";
			};
			name = Debug;
		};
		4BDED7141C8DA5AE00F6CB9C /* Release */ = {
			isa = XCBuildConfiguration;
			buildSettings = {
				ALWAYS_SEARCH_USER_PATHS = NO;
				CLANG_CXX_LANGUAGE_STANDARD = "gnu++0x";
				CLANG_CXX_LIBRARY = "libc++";
				CLANG_ENABLE_MODULES = YES;
				CLANG_ENABLE_OBJC_ARC = YES;
				CLANG_WARN_BOOL_CONVERSION = YES;
				CLANG_WARN_CONSTANT_CONVERSION = YES;
				CLANG_WARN_DIRECT_OBJC_ISA_USAGE = YES_ERROR;
				CLANG_WARN_EMPTY_BODY = YES;
				CLANG_WARN_ENUM_CONVERSION = YES;
				CLANG_WARN_INT_CONVERSION = YES;
				CLANG_WARN_OBJC_ROOT_CLASS = YES_ERROR;
				CLANG_WARN_UNREACHABLE_CODE = YES;
				CLANG_WARN__DUPLICATE_METHOD_MATCH = YES;
				"CODE_SIGN_IDENTITY[sdk=iphoneos*]" = "iPhone Developer";
				COPY_PHASE_STRIP = NO;
				DEBUG_INFORMATION_FORMAT = "dwarf-with-dsym";
				ENABLE_NS_ASSERTIONS = NO;
				ENABLE_STRICT_OBJC_MSGSEND = YES;
				GCC_C_LANGUAGE_STANDARD = gnu99;
				GCC_NO_COMMON_BLOCKS = YES;
				GCC_WARN_64_TO_32_BIT_CONVERSION = YES;
				GCC_WARN_ABOUT_RETURN_TYPE = YES_ERROR;
				GCC_WARN_UNDECLARED_SELECTOR = YES;
				GCC_WARN_UNINITIALIZED_AUTOS = YES_AGGRESSIVE;
				GCC_WARN_UNUSED_FUNCTION = YES;
				GCC_WARN_UNUSED_VARIABLE = YES;
				IPHONEOS_DEPLOYMENT_TARGET = 9.2;
				MTL_ENABLE_DEBUG_INFO = NO;
				SDKROOT = iphoneos;
				TARGETED_DEVICE_FAMILY = "1,2";
				VALIDATE_PRODUCT = YES;
			};
			name = Release;
		};
		4BDED7161C8DA5AE00F6CB9C /* Debug */ = {
			isa = XCBuildConfiguration;
			buildSettings = {
				ASSETCATALOG_COMPILER_APPICON_NAME = AppIcon;
				INFOPLIST_FILE = NPProgressLabelExample/Info.plist;
				LD_RUNPATH_SEARCH_PATHS = "$(inherited) @executable_path/Frameworks";
				PRODUCT_BUNDLE_IDENTIFIER = "-.NPProgressLabel";
				PRODUCT_NAME = NPProgressLabelExample;
			};
			name = Debug;
		};
		4BDED7171C8DA5AE00F6CB9C /* Release */ = {
			isa = XCBuildConfiguration;
			buildSettings = {
				ASSETCATALOG_COMPILER_APPICON_NAME = AppIcon;
				INFOPLIST_FILE = NPProgressLabelExample/Info.plist;
				LD_RUNPATH_SEARCH_PATHS = "$(inherited) @executable_path/Frameworks";
				PRODUCT_BUNDLE_IDENTIFIER = "-.NPProgressLabel";
				PRODUCT_NAME = NPProgressLabelExample;
			};
			name = Release;
		};
/* End XCBuildConfiguration section */

/* Begin XCConfigurationList section */
		4BDED6FE1C8DA5AE00F6CB9C /* Build configuration list for PBXProject "NPProgressLabelExample" */ = {
			isa = XCConfigurationList;
			buildConfigurations = (
				4BDED7131C8DA5AE00F6CB9C /* Debug */,
				4BDED7141C8DA5AE00F6CB9C /* Release */,
			);
			defaultConfigurationIsVisible = 0;
			defaultConfigurationName = Release;
		};
		4BDED7151C8DA5AE00F6CB9C /* Build configuration list for PBXNativeTarget "NPProgressLabelExample" */ = {
			isa = XCConfigurationList;
			buildConfigurations = (
				4BDED7161C8DA5AE00F6CB9C /* Debug */,
				4BDED7171C8DA5AE00F6CB9C /* Release */,
			);
			defaultConfigurationIsVisible = 0;
			defaultConfigurationName = Release;
		};
/* End XCConfigurationList section */
	};
	rootObject = 4BDED6FB1C8DA5AE00F6CB9C /* Project object */;
}
